
Microsoft Visual Studio Solution File, Format Version 12.00
# Visual Studio Version 17
VisualStudioVersion = 17.14.37012.4 d17.14
MinimumVisualStudioVersion = 10.0.40219.1
Project("{FAE04EC0-301F-11D3-BF4B-00C04F79EFBC}") = "pis1", "pis1\pis1.csproj", "{45BD2EDF-1FA1-46CA-AF76-DF4486AEB641}"
EndProject
Global
	GlobalSection(SolutionConfigurationPlatforms) = preSolution
		Debug|Any CPU = Debug|Any CPU
		Release|Any CPU = Release|Any CPU
	EndGlobalSection
	GlobalSection(ProjectConfigurationPlatforms) = postSolution
		{45BD2EDF-1FA1-46CA-AF76-DF4486AEB641}.Debug|Any CPU.ActiveCfg = Debug|Any CPU
		{45BD2EDF-1FA1-46CA-AF76-DF4486AEB641}.Debug|Any CPU.Build.0 = Debug|Any CPU
		{45BD2EDF-1FA1-46CA-AF76-DF4486AEB641}.Release|Any CPU.ActiveCfg = Release|Any CPU
		{45BD2EDF-1FA1-46CA-AF76-DF4486AEB641}.Release|Any CPU.Build.0 = Release|Any CPU
	EndGlobalSection
	GlobalSection(SolutionProperties) = preSolution
		HideSolutionNode = FALSE
	EndGlobalSection
	GlobalSection(ExtensibilityGlobals) = postSolution
		SolutionGuid = {34B203F8-5CCD-4D58-BC9D-F18920FC07FA}
	EndGlobalSection
EndGlobal
